
Microsoft Visual Studio Solution File, Format Version 12.00
# Visual Studio Version 16
VisualStudioVersion = 16.0.32510.428
MinimumVisualStudioVersion = 10.0.40219.1
Project("{FAE04EC0-301F-11D3-BF4B-00C04F79EFBC}") = "PuzzleClient", "PuzzleClient\PuzzleClient.csproj", "{3FE175DA-16FC-43AE-BD83-E6127FBE6366}"
EndProject
Global
	GlobalSection(SolutionConfigurationPlatforms) = preSolution
		Debug|Any CPU = Debug|Any CPU
		Release|Any CPU = Release|Any CPU
	EndGlobalSection
	GlobalSection(ProjectConfigurationPlatforms) = postSolution
		{3FE175DA-16FC-43AE-BD83-E6127FBE6366}.Debug|Any CPU.ActiveCfg = Debug|Any CPU
		{3FE175DA-16FC-43AE-BD83-E6127FBE6366}.Debug|Any CPU.Build.0 = Debug|Any CPU
		{3FE175DA-16FC-43AE-BD83-E6127FBE6366}.Release|Any CPU.ActiveCfg = Release|Any CPU
		{3FE175DA-16FC-43AE-BD83-E6127FBE6366}.Release|Any CPU.Build.0 = Release|Any CPU
	EndGlobalSection
	GlobalSection(SolutionProperties) = preSolution
		HideSolutionNode = FALSE
	EndGlobalSection
	GlobalSection(ExtensibilityGlobals) = postSolution
		SolutionGuid = {4E3C150D-15D6-496E-A3F9-20FA105C0CB1}
	EndGlobalSection
EndGlobal
